{
  "name": "use-url-state",
  "lockfileVersion": 2,
  "requires": true,
  "packages": {
    "": {
      "dependencies": {
        "@types/query-string": "^6.3.0",
        "core-js": "^2.6.12",
        "query-string": "^6.9.0"
      }
    },
    "node_modules/@types/query-string": {
      "version": "6.3.0",
      "resolved": "https://registry.npmjs.org/@types/query-string/-/query-string-6.3.0.tgz",
      "integrity": "sha1-tvoXKgFAWryu2saBEY54Qp1i6jk=",
      "dependencies": {
        "query-string": "*"
      }
    },
    "node_modules/core-js": {
      "version": "2.6.12",
      "resolved": "https://registry.nlark.com/core-js/download/core-js-2.6.12.tgz?cache=0&sync_timestamp=1624966012065&other_urls=https%3A%2F%2Fregistry.nlark.com%2Fcore-js%2Fdownload%2Fcore-js-2.6.12.tgz",
      "integrity": "sha1-2TM9+nsGXjR8xWgiGdb2kIWcwuw=",
      "deprecated": "core-js@<3.3 is no longer maintained and not recommended for usage due to the number of issues. Because of the V8 engine whims, feature detection in old core-js versions could cause a slowdown up to 100x even if nothing is polyfilled. Please, upgrade your dependencies to the actual version of core-js.",
      "hasInstallScript": true
    },
    "node_modules/decode-uri-component": {
      "version": "0.2.0",
      "resolved": "https://registry.npmjs.org/decode-uri-component/-/decode-uri-component-0.2.0.tgz",
      "integrity": "sha1-6zkTMzRYd1y4TNGh+uBiEGu4dUU=",
      "engines": {
        "node": ">=0.10"
      }
    },
    "node_modules/query-string": {
      "version": "6.13.6",
      "resolved": "https://registry.npmjs.org/query-string/-/query-string-6.13.6.tgz",
      "integrity": "sha1-5ax8dPKl2kP7yguIO08Lr7pDmWY=",
      "dependencies": {
        "decode-uri-component": "^0.2.0",
        "split-on-first": "^1.0.0",
        "strict-uri-encode": "^2.0.0"
      },
      "engines": {
        "node": ">=6"
      }
    },
    "node_modules/split-on-first": {
      "version": "1.1.0",
      "resolved": "https://registry.npmjs.org/split-on-first/-/split-on-first-1.1.0.tgz",
      "integrity": "sha1-9hCv7uOxK84dDDBCXnY5i3gkml8=",
      "engines": {
        "node": ">=6"
      }
    },
    "node_modules/strict-uri-encode": {
      "version": "2.0.0",
      "resolved": "https://registry.npmjs.org/strict-uri-encode/-/strict-uri-encode-2.0.0.tgz",
      "integrity": "sha1-ucczDHBChi9rFC3CdLvMWGbONUY=",
      "engines": {
        "node": ">=4"
      }
    }
  },
  "dependencies": {
    "@types/query-string": {
      "version": "6.3.0",
      "resolved": "https://registry.npmjs.org/@types/query-string/-/query-string-6.3.0.tgz",
      "integrity": "sha1-tvoXKgFAWryu2saBEY54Qp1i6jk=",
      "requires": {
        "query-string": "*"
      }
    },
    "core-js": {
      "version": "2.6.12",
      "resolved": "https://registry.nlark.com/core-js/download/core-js-2.6.12.tgz?cache=0&sync_timestamp=1624966012065&other_urls=https%3A%2F%2Fregistry.nlark.com%2Fcore-js%2Fdownload%2Fcore-js-2.6.12.tgz",
      "integrity": "sha1-2TM9+nsGXjR8xWgiGdb2kIWcwuw="
    },
    "decode-uri-component": {
      "version": "0.2.0",
      "resolved": "https://registry.npmjs.org/decode-uri-component/-/decode-uri-component-0.2.0.tgz",
      "integrity": "sha1-6zkTMzRYd1y4TNGh+uBiEGu4dUU="
    },
    "query-string": {
      "version": "6.13.6",
      "resolved": "https://registry.npmjs.org/query-string/-/query-string-6.13.6.tgz",
      "integrity": "sha1-5ax8dPKl2kP7yguIO08Lr7pDmWY=",
      "requires": {
        "decode-uri-component": "^0.2.0",
        "split-on-first": "^1.0.0",
        "strict-uri-encode": "^2.0.0"
      }
    },
    "split-on-first": {
      "version": "1.1.0",
      "resolved": "https://registry.npmjs.org/split-on-first/-/split-on-first-1.1.0.tgz",
      "integrity": "sha1-9hCv7uOxK84dDDBCXnY5i3gkml8="
    },
    "strict-uri-encode": {
      "version": "2.0.0",
      "resolved": "https://registry.npmjs.org/strict-uri-encode/-/strict-uri-encode-2.0.0.tgz",
      "integrity": "sha1-ucczDHBChi9rFC3CdLvMWGbONUY="
    }
  }
}
