# THIS IS AN AUTOGENERATED FILE. DO NOT EDIT THIS FILE DIRECTLY.
# yarn lockfile v1


core-js@^2.6.12:
  version "2.6.12"
  resolved "https://registry.npmmirror.com/core-js/download/core-js-2.6.12.tgz?cache=0&sync_timestamp=1632696208678&other_urls=https%3A%2F%2Fregistry.npmmirror.com%2Fcore-js%2Fdownload%2Fcore-js-2.6.12.tgz#d9333dfa7b065e347cc5682219d6f690859cc2ec"
  integrity sha1-2TM9+nsGXjR8xWgiGdb2kIWcwuw=

decode-uri-component@^0.2.0:
  version "0.2.0"
  resolved "https://registry.nlark.com/decode-uri-component/download/decode-uri-component-0.2.0.tgz#eb3913333458775cb84cd1a1fae062106bb87545"
  integrity sha1-6zkTMzRYd1y4TNGh+uBiEGu4dUU=

filter-obj@^1.1.0:
  version "1.1.0"
  resolved "https://registry.nlark.com/filter-obj/download/filter-obj-1.1.0.tgz?cache=0&sync_timestamp=1630004006859&other_urls=https%3A%2F%2Fregistry.nlark.com%2Ffilter-obj%2Fdownload%2Ffilter-obj-1.1.0.tgz#9b311112bc6c6127a16e016c6c5d7f19e0805c5b"
  integrity sha1-mzERErxsYSehbgFsbF1/GeCAXFs=

query-string@^6.9.0:
  version "6.14.1"
  resolved "https://registry.nlark.com/query-string/download/query-string-6.14.1.tgz?cache=0&other_urls=https%3A%2F%2Fregistry.nlark.com%2Fquery-string%2Fdownload%2Fquery-string-6.14.1.tgz#7ac2dca46da7f309449ba0f86b1fd28255b0c86a"
  integrity sha1-esLcpG2n8wlEm6D4ax/SglWwyGo=
  dependencies:
    decode-uri-component "^0.2.0"
    filter-obj "^1.1.0"
    split-on-first "^1.0.0"
    strict-uri-encode "^2.0.0"

split-on-first@^1.0.0:
  version "1.1.0"
  resolved "https://registry.nlark.com/split-on-first/download/split-on-first-1.1.0.tgz#f610afeee3b12bce1d0c30425e76398b78249a5f"
  integrity sha1-9hCv7uOxK84dDDBCXnY5i3gkml8=

strict-uri-encode@^2.0.0:
  version "2.0.0"
  resolved "https://registry.npm.taobao.org/strict-uri-encode/download/strict-uri-encode-2.0.0.tgz#b9c7330c7042862f6b142dc274bbcc5866ce3546"
  integrity sha1-ucczDHBChi9rFC3CdLvMWGbONUY=
