{
	"requires": true,
	"lockfileVersion": 1,
	"dependencies": {
		"axios": {
			"version": "0.19.2",
			"resolved": "https://registry.npm.alibaba-inc.com/axios/download/axios-0.19.2.tgz",
			"integrity": "sha1-PqNsXYgY0NX4qKl6bTa4bNwAyyc=",
			"requires": {
				"follow-redirects": "1.5.10"
			}
		},
		"debug": {
			"version": "3.1.0",
			"resolved": "https://registry.npm.alibaba-inc.com/debug/download/debug-3.1.0.tgz",
			"integrity": "sha1-W7WgZyYotkFJVmuhaBnmFRjGcmE=",
			"requires": {
				"ms": "2.0.0"
			}
		},
		"encoding": {
			"version": "0.1.12",
			"resolved": "https://registry.npm.alibaba-inc.com/encoding/download/encoding-0.1.12.tgz",
			"integrity": "sha1-U4tm8+5izRq1HsMjgp0flIDHS+s=",
			"requires": {
				"iconv-lite": "~0.4.13"
			}
		},
		"follow-redirects": {
			"version": "1.5.10",
			"resolved": "https://registry.npm.alibaba-inc.com/follow-redirects/download/follow-redirects-1.5.10.tgz",
			"integrity": "sha1-e3qfmuov3/NnhqlP9kPtB/T/Xio=",
			"requires": {
				"debug": "=3.1.0"
			}
		},
		"iconv-lite": {
			"version": "0.4.24",
			"resolved": "https://registry.npm.alibaba-inc.com/iconv-lite/download/iconv-lite-0.4.24.tgz",
			"integrity": "sha1-ICK0sl+93CHS9SSXSkdKr+czkIs=",
			"requires": {
				"safer-buffer": ">= 2.1.2 < 3"
			}
		},
		"is-stream": {
			"version": "1.1.0",
			"resolved": "https://registry.npm.alibaba-inc.com/is-stream/download/is-stream-1.1.0.tgz",
			"integrity": "sha1-EtSj3U5o4Lec6428hBc66A2RykQ="
		},
		"isomorphic-fetch": {
			"version": "2.2.1",
			"resolved": "https://registry.npm.alibaba-inc.com/isomorphic-fetch/download/isomorphic-fetch-2.2.1.tgz",
			"integrity": "sha1-YRrhrPFPXoH3KVB0coGf6XM1WKk=",
			"requires": {
				"node-fetch": "^1.0.1",
				"whatwg-fetch": ">=0.10.0"
			}
		},
		"lodash.debounce": {
			"version": "4.0.8",
			"resolved": "https://registry.npm.alibaba-inc.com/lodash.debounce/download/lodash.debounce-4.0.8.tgz",
			"integrity": "sha1-gteb/zCmfEAF/9XiUVMArZyk168="
		},
		"lodash.throttle": {
			"version": "4.1.1",
			"resolved": "https://registry.npm.alibaba-inc.com/lodash.throttle/download/lodash.throttle-4.1.1.tgz",
			"integrity": "sha1-wj6RtxAkKscMN/HhzaknTMOb8vQ="
		},
		"ms": {
			"version": "2.0.0",
			"resolved": "https://registry.npm.alibaba-inc.com/ms/download/ms-2.0.0.tgz",
			"integrity": "sha1-VgiurfwAvmwpAd9fmGF4jeDVl8g="
		},
		"node-fetch": {
			"version": "1.7.3",
			"resolved": "https://registry.npm.alibaba-inc.com/node-fetch/download/node-fetch-1.7.3.tgz",
			"integrity": "sha1-mA9vcthSEaU0fGsrwYxbhMPrR+8=",
			"requires": {
				"encoding": "^0.1.11",
				"is-stream": "^1.0.1"
			}
		},
		"qs": {
			"version": "6.9.1",
			"resolved": "https://registry.npm.alibaba-inc.com/qs/download/qs-6.9.1.tgz",
			"integrity": "sha1-IAgsZct4IjY1qxqerKiHWim/jsk="
		},
		"safer-buffer": {
			"version": "2.1.2",
			"resolved": "https://registry.npm.alibaba-inc.com/safer-buffer/download/safer-buffer-2.1.2.tgz",
			"integrity": "sha1-RPoWGwGHuVSd2Eu5GAL5vYOFzWo="
		},
		"umi-request": {
			"version": "1.2.19",
			"resolved": "https://registry.npm.alibaba-inc.com/umi-request/download/umi-request-1.2.19.tgz",
			"integrity": "sha1-V+wWMiUGZ08tY5LVUxGYKc7bFYk=",
			"requires": {
				"isomorphic-fetch": "^2.2.1",
				"qs": "^6.9.1"
			}
		},
		"whatwg-fetch": {
			"version": "3.0.0",
			"resolved": "https://registry.npm.alibaba-inc.com/whatwg-fetch/download/whatwg-fetch-3.0.0.tgz",
			"integrity": "sha1-/IBORYzEYACbGiuWa8iBfSV4rvs="
		}
	}
}
