{
	"requires": true,
	"lockfileVersion": 1,
	"dependencies": {
		"@ant-design/colors": {
			"version": "3.2.2",
			"resolved": "https://registry.npm.alibaba-inc.com/@ant-design/colors/download/@ant-design/colors-3.2.2.tgz",
			"integrity": "sha1-WtQ9YZ6RHzSI66wwPWBuZqhCOQM=",
			"requires": {
				"tinycolor2": "^1.4.1"
			}
		},
		"@ant-design/create-react-context": {
			"version": "0.2.5",
			"resolved": "https://registry.npm.alibaba-inc.com/@ant-design/create-react-context/download/@ant-design/create-react-context-0.2.5.tgz",
			"integrity": "sha1-9fWpFjtHcgl3EoNzl60w4i55+Fg=",
			"requires": {
				"gud": "^1.0.0",
				"warning": "^4.0.3"
			}
		},
		"@ant-design/icons": {
			"version": "2.1.1",
			"resolved": "https://registry.npm.alibaba-inc.com/@ant-design/icons/download/@ant-design/icons-2.1.1.tgz",
			"integrity": "sha1-e5wI3/1PXUHbZn2dvl4BB9C9mko="
		},
		"@ant-design/icons-react": {
			"version": "2.0.1",
			"resolved": "https://registry.npm.alibaba-inc.com/@ant-design/icons-react/download/@ant-design/icons-react-2.0.1.tgz",
			"integrity": "sha1-F6JRNXGrMXrKKSfljOol3THlNvs=",
			"requires": {
				"@ant-design/colors": "^3.1.0",
				"babel-runtime": "^6.26.0"
			}
		},
		"@types/prop-types": {
			"version": "15.7.3",
			"resolved": "https://registry.npm.alibaba-inc.com/@types/prop-types/download/@types/prop-types-15.7.3.tgz",
			"integrity": "sha1-KrDV2i5YFflLC51LldHl8kOrLKc="
		},
		"@types/react": {
			"version": "16.9.23",
			"resolved": "https://registry.npm.alibaba-inc.com/@types/react/download/@types/react-16.9.23.tgz",
			"integrity": "sha1-GmbG1Gi6EaiUOtlYqMs+c3VoJxw=",
			"requires": {
				"@types/prop-types": "*",
				"csstype": "^2.2.0"
			}
		},
		"@types/react-slick": {
			"version": "0.23.4",
			"resolved": "https://registry.npm.alibaba-inc.com/@types/react-slick/download/@types/react-slick-0.23.4.tgz",
			"integrity": "sha1-yX4qnn49GTPGhZO46CdS+rHozlM=",
			"requires": {
				"@types/react": "*"
			}
		},
		"add-dom-event-listener": {
			"version": "1.1.0",
			"resolved": "https://registry.npm.alibaba-inc.com/add-dom-event-listener/download/add-dom-event-listener-1.1.0.tgz",
			"integrity": "sha1-apLbOg3Qq8JU4JXA8dwUrLuq4xA=",
			"requires": {
				"object-assign": "4.x"
			}
		},
		"antd": {
			"version": "3.26.12",
			"resolved": "https://registry.npm.alibaba-inc.com/antd/download/antd-3.26.12.tgz",
			"integrity": "sha1-LwdWcHgKwEkLKUXYvKiD7c2TFYw=",
			"requires": {
				"@ant-design/create-react-context": "^0.2.4",
				"@ant-design/icons": "~2.1.1",
				"@ant-design/icons-react": "~2.0.1",
				"@types/react-slick": "^0.23.4",
				"array-tree-filter": "^2.1.0",
				"babel-runtime": "6.x",
				"classnames": "~2.2.6",
				"copy-to-clipboard": "^3.2.0",
				"css-animation": "^1.5.0",
				"dom-closest": "^0.2.0",
				"enquire.js": "^2.1.6",
				"is-mobile": "^2.1.0",
				"lodash": "^4.17.13",
				"moment": "^2.24.0",
				"omit.js": "^1.0.2",
				"prop-types": "^15.7.2",
				"raf": "^3.4.1",
				"rc-animate": "^2.10.2",
				"rc-calendar": "~9.15.7",
				"rc-cascader": "~0.17.4",
				"rc-checkbox": "~2.1.6",
				"rc-collapse": "~1.11.3",
				"rc-dialog": "~7.6.0",
				"rc-drawer": "~3.1.1",
				"rc-dropdown": "~2.4.1",
				"rc-editor-mention": "^1.1.13",
				"rc-form": "^2.4.10",
				"rc-input-number": "~4.5.0",
				"rc-mentions": "~0.4.0",
				"rc-menu": "~7.5.1",
				"rc-notification": "~3.3.1",
				"rc-pagination": "~1.20.11",
				"rc-progress": "~2.5.0",
				"rc-rate": "~2.5.0",
				"rc-resize-observer": "^0.1.0",
				"rc-select": "~9.2.0",
				"rc-slider": "~8.7.1",
				"rc-steps": "~3.5.0",
				"rc-switch": "~1.9.0",
				"rc-table": "~6.10.5",
				"rc-tabs": "~9.7.0",
				"rc-time-picker": "~3.7.1",
				"rc-tooltip": "~3.7.3",
				"rc-tree": "~2.1.0",
				"rc-tree-select": "~2.9.1",
				"rc-trigger": "^2.6.2",
				"rc-upload": "~2.9.1",
				"rc-util": "^4.16.1",
				"react-lazy-load": "^3.0.13",
				"react-lifecycles-compat": "^3.0.4",
				"react-slick": "~0.25.2",
				"resize-observer-polyfill": "^1.5.1",
				"shallowequal": "^1.1.0",
				"warning": "~4.0.3"
			}
		},
		"array-tree-filter": {
			"version": "2.1.0",
			"resolved": "https://registry.npm.alibaba-inc.com/array-tree-filter/download/array-tree-filter-2.1.0.tgz",
			"integrity": "sha1-hzrAD+yDdJ8lWsjdCDgUtPYykZA="
		},
		"asap": {
			"version": "2.0.6",
			"resolved": "https://registry.npm.alibaba-inc.com/asap/download/asap-2.0.6.tgz",
			"integrity": "sha1-5QNHYR1+aQlDIIu9r+vLwvuGbUY="
		},
		"async-validator": {
			"version": "1.11.5",
			"resolved": "https://registry.npm.alibaba-inc.com/async-validator/download/async-validator-1.11.5.tgz",
			"integrity": "sha1-nUPPSe9rt2vlRCOI0Z+5puR1l+o="
		},
		"babel-runtime": {
			"version": "6.26.0",
			"resolved": "https://registry.npm.alibaba-inc.com/babel-runtime/download/babel-runtime-6.26.0.tgz",
			"integrity": "sha1-llxwWGaOgrVde/4E/yM3vItWR/4=",
			"requires": {
				"core-js": "^2.4.0",
				"regenerator-runtime": "^0.11.0"
			}
		},
		"classnames": {
			"version": "2.2.6",
			"resolved": "https://registry.npm.alibaba-inc.com/classnames/download/classnames-2.2.6.tgz",
			"integrity": "sha1-Q5Nb/90pHzJtrQogUwmzjQD2UM4="
		},
		"component-classes": {
			"version": "1.2.6",
			"resolved": "https://registry.npm.alibaba-inc.com/component-classes/download/component-classes-1.2.6.tgz",
			"integrity": "sha1-xkI5TDYYpNiwuJGe/Mu9kw5c1pE=",
			"requires": {
				"component-indexof": "0.0.3"
			}
		},
		"component-indexof": {
			"version": "0.0.3",
			"resolved": "https://registry.npm.alibaba-inc.com/component-indexof/download/component-indexof-0.0.3.tgz",
			"integrity": "sha1-EdCRMSI5648yyPJa6csAL/6NPCQ="
		},
		"copy-to-clipboard": {
			"version": "3.3.1",
			"resolved": "https://registry.npm.alibaba-inc.com/copy-to-clipboard/download/copy-to-clipboard-3.3.1.tgz",
			"integrity": "sha1-EVqhqZmP+rYZb5MHatbaO5E2Yq4=",
			"requires": {
				"toggle-selection": "^1.0.6"
			}
		},
		"core-js": {
			"version": "2.6.11",
			"resolved": "https://registry.npm.alibaba-inc.com/core-js/download/core-js-2.6.11.tgz",
			"integrity": "sha1-OIMUafmSK97Y7iHJ3EaYXgOZMIw="
		},
		"create-react-class": {
			"version": "15.6.3",
			"resolved": "https://registry.npm.alibaba-inc.com/create-react-class/download/create-react-class-15.6.3.tgz",
			"integrity": "sha1-LXMjf7P5cK5uvgEanmb0bbyoADY=",
			"requires": {
				"fbjs": "^0.8.9",
				"loose-envify": "^1.3.1",
				"object-assign": "^4.1.1"
			}
		},
		"css-animation": {
			"version": "1.6.1",
			"resolved": "https://registry.npm.alibaba-inc.com/css-animation/download/css-animation-1.6.1.tgz",
			"integrity": "sha1-FiBko7DVH5WLf/N7PW1N4Y4XA54=",
			"requires": {
				"babel-runtime": "6.x",
				"component-classes": "^1.2.5"
			}
		},
		"csstype": {
			"version": "2.6.9",
			"resolved": "https://registry.npm.alibaba-inc.com/csstype/download/csstype-2.6.9.tgz",
			"integrity": "sha1-BRQdDNVXpWuIkTlMGRHEDIqY0Jg="
		},
		"dom-align": {
			"version": "1.10.4",
			"resolved": "https://registry.npm.alibaba-inc.com/dom-align/download/dom-align-1.10.4.tgz",
			"integrity": "sha1-hirk3g0R1klcHI7hsZVCfnyqcn0="
		},
		"dom-closest": {
			"version": "0.2.0",
			"resolved": "https://registry.npm.alibaba-inc.com/dom-closest/download/dom-closest-0.2.0.tgz",
			"integrity": "sha1-69n5HRvyLo1vR3h2u80+yQIWwM8=",
			"requires": {
				"dom-matches": ">=1.0.1"
			}
		},
		"dom-matches": {
			"version": "2.0.0",
			"resolved": "https://registry.npm.alibaba-inc.com/dom-matches/download/dom-matches-2.0.0.tgz",
			"integrity": "sha1-0nKLQWqHUzmA6wibhI0lPPI6dYw="
		},
		"dom-scroll-into-view": {
			"version": "1.2.1",
			"resolved": "https://registry.npm.alibaba-inc.com/dom-scroll-into-view/download/dom-scroll-into-view-1.2.1.tgz",
			"integrity": "sha1-6PNnMt0ImwIBqI14Fdw/iObWbH4="
		},
		"draft-js": {
			"version": "0.10.5",
			"resolved": "https://registry.npm.alibaba-inc.com/draft-js/download/draft-js-0.10.5.tgz",
			"integrity": "sha1-v6m+sBj+BTPbsI1mdcNxprCPp0I=",
			"requires": {
				"fbjs": "^0.8.15",
				"immutable": "~3.7.4",
				"object-assign": "^4.1.0"
			}
		},
		"encoding": {
			"version": "0.1.12",
			"resolved": "https://registry.npm.alibaba-inc.com/encoding/download/encoding-0.1.12.tgz",
			"integrity": "sha1-U4tm8+5izRq1HsMjgp0flIDHS+s=",
			"requires": {
				"iconv-lite": "~0.4.13"
			}
		},
		"enquire.js": {
			"version": "2.1.6",
			"resolved": "https://registry.npm.alibaba-inc.com/enquire.js/download/enquire.js-2.1.6.tgz",
			"integrity": "sha1-PoeAybi4NQhMP2DhZtvDwqPImBQ="
		},
		"eventlistener": {
			"version": "0.0.1",
			"resolved": "https://registry.npm.alibaba-inc.com/eventlistener/download/eventlistener-0.0.1.tgz",
			"integrity": "sha1-7Suqu4UiJ68rz4iRUscsY8pTLrg="
		},
		"fbjs": {
			"version": "0.8.17",
			"resolved": "https://registry.npm.alibaba-inc.com/fbjs/download/fbjs-0.8.17.tgz",
			"integrity": "sha1-xNWY6taUkRJlPWWIsBpc3Nn5D90=",
			"requires": {
				"core-js": "^1.0.0",
				"isomorphic-fetch": "^2.1.1",
				"loose-envify": "^1.0.0",
				"object-assign": "^4.1.0",
				"promise": "^7.1.1",
				"setimmediate": "^1.0.5",
				"ua-parser-js": "^0.7.18"
			},
			"dependencies": {
				"core-js": {
					"version": "1.2.7",
					"resolved": "https://registry.npm.alibaba-inc.com/core-js/download/core-js-1.2.7.tgz",
					"integrity": "sha1-ZSKUwUZR2yj6k70tX/KYOk8IxjY="
				}
			}
		},
		"gud": {
			"version": "1.0.0",
			"resolved": "https://registry.npm.alibaba-inc.com/gud/download/gud-1.0.0.tgz",
			"integrity": "sha1-pIlYGxfmpwvsqavjrlfeekmYUsA="
		},
		"hammerjs": {
			"version": "2.0.8",
			"resolved": "https://registry.npm.alibaba-inc.com/hammerjs/download/hammerjs-2.0.8.tgz",
			"integrity": "sha1-BO93hiz/K7edMPdpIJWTAiK/YPE="
		},
		"hoist-non-react-statics": {
			"version": "3.3.2",
			"resolved": "https://registry.npm.alibaba-inc.com/hoist-non-react-statics/download/hoist-non-react-statics-3.3.2.tgz",
			"integrity": "sha1-7OCsr3HWLClpwuxZ/v9CpLGoW0U=",
			"requires": {
				"react-is": "^16.7.0"
			}
		},
		"iconv-lite": {
			"version": "0.4.24",
			"resolved": "https://registry.npm.alibaba-inc.com/iconv-lite/download/iconv-lite-0.4.24.tgz",
			"integrity": "sha1-ICK0sl+93CHS9SSXSkdKr+czkIs=",
			"requires": {
				"safer-buffer": ">= 2.1.2 < 3"
			}
		},
		"immutable": {
			"version": "3.7.6",
			"resolved": "https://registry.npm.alibaba-inc.com/immutable/download/immutable-3.7.6.tgz",
			"integrity": "sha1-E7TTyxK++hVIKib+Gy665kAHHks="
		},
		"intersection-observer": {
			"version": "0.7.0",
			"resolved": "https://registry.npm.alibaba-inc.com/intersection-observer/download/intersection-observer-0.7.0.tgz",
			"integrity": "sha1-7ha+6XjbU1FurS8KgVSwm0ALvck="
		},
		"is-mobile": {
			"version": "2.2.1",
			"resolved": "https://registry.npm.alibaba-inc.com/is-mobile/download/is-mobile-2.2.1.tgz",
			"integrity": "sha1-EPIyABLEEMwoX+7LE0Br1Ybxsvg="
		},
		"is-stream": {
			"version": "1.1.0",
			"resolved": "https://registry.npm.alibaba-inc.com/is-stream/download/is-stream-1.1.0.tgz",
			"integrity": "sha1-EtSj3U5o4Lec6428hBc66A2RykQ="
		},
		"isomorphic-fetch": {
			"version": "2.2.1",
			"resolved": "https://registry.npm.alibaba-inc.com/isomorphic-fetch/download/isomorphic-fetch-2.2.1.tgz",
			"integrity": "sha1-YRrhrPFPXoH3KVB0coGf6XM1WKk=",
			"requires": {
				"node-fetch": "^1.0.1",
				"whatwg-fetch": ">=0.10.0"
			}
		},
		"js-tokens": {
			"version": "4.0.0",
			"resolved": "https://registry.npm.alibaba-inc.com/js-tokens/download/js-tokens-4.0.0.tgz",
			"integrity": "sha1-GSA/tZmR35jjoocFDUZHzerzJJk="
		},
		"json2mq": {
			"version": "0.2.0",
			"resolved": "https://registry.npm.alibaba-inc.com/json2mq/download/json2mq-0.2.0.tgz",
			"integrity": "sha1-tje9O6nqvhIsg+lyBIOusQ0skEo=",
			"requires": {
				"string-convert": "^0.2.0"
			}
		},
		"lodash": {
			"version": "4.17.15",
			"resolved": "https://registry.npm.alibaba-inc.com/lodash/download/lodash-4.17.15.tgz",
			"integrity": "sha1-tEf2ZwoEVbv+7dETku/zMOoJdUg="
		},
		"lodash.debounce": {
			"version": "4.0.8",
			"resolved": "https://registry.npm.alibaba-inc.com/lodash.debounce/download/lodash.debounce-4.0.8.tgz",
			"integrity": "sha1-gteb/zCmfEAF/9XiUVMArZyk168="
		},
		"lodash.isequal": {
			"version": "4.5.0",
			"resolved": "https://registry.npm.alibaba-inc.com/lodash.isequal/download/lodash.isequal-4.5.0.tgz",
			"integrity": "sha1-QVxEePK8wwEgwizhDtMib30+GOA="
		},
		"lodash.throttle": {
			"version": "4.1.1",
			"resolved": "https://registry.npm.alibaba-inc.com/lodash.throttle/download/lodash.throttle-4.1.1.tgz",
			"integrity": "sha1-wj6RtxAkKscMN/HhzaknTMOb8vQ="
		},
		"loose-envify": {
			"version": "1.4.0",
			"resolved": "https://registry.npm.alibaba-inc.com/loose-envify/download/loose-envify-1.4.0.tgz",
			"integrity": "sha1-ce5R+nvkyuwaY4OffmgtgTLTDK8=",
			"requires": {
				"js-tokens": "^3.0.0 || ^4.0.0"
			}
		},
		"mini-store": {
			"version": "2.0.0",
			"resolved": "https://registry.npm.alibaba-inc.com/mini-store/download/mini-store-2.0.0.tgz",
			"integrity": "sha1-CEPASNaULOVePnixtn/AYwIrVIg=",
			"requires": {
				"hoist-non-react-statics": "^2.3.1",
				"prop-types": "^15.6.0",
				"react-lifecycles-compat": "^3.0.4",
				"shallowequal": "^1.0.2"
			},
			"dependencies": {
				"hoist-non-react-statics": {
					"version": "2.5.5",
					"resolved": "https://registry.npm.alibaba-inc.com/hoist-non-react-statics/download/hoist-non-react-statics-2.5.5.tgz",
					"integrity": "sha1-xZA89AnA39kI84jmGdhrnBF0y0c="
				}
			}
		},
		"moment": {
			"version": "2.24.0",
			"resolved": "https://registry.npm.alibaba-inc.com/moment/download/moment-2.24.0.tgz",
			"integrity": "sha1-DQVdU/UFKqZTyfbraLtdEr9cK1s="
		},
		"mutationobserver-shim": {
			"version": "0.3.3",
			"resolved": "https://registry.npm.alibaba-inc.com/mutationobserver-shim/download/mutationobserver-shim-0.3.3.tgz",
			"integrity": "sha1-ZYaWMLyJ17+MnNnLghiM2VWqzSs="
		},
		"node-fetch": {
			"version": "1.7.3",
			"resolved": "https://registry.npm.alibaba-inc.com/node-fetch/download/node-fetch-1.7.3.tgz",
			"integrity": "sha1-mA9vcthSEaU0fGsrwYxbhMPrR+8=",
			"requires": {
				"encoding": "^0.1.11",
				"is-stream": "^1.0.1"
			}
		},
		"object-assign": {
			"version": "4.1.1",
			"resolved": "https://registry.npm.alibaba-inc.com/object-assign/download/object-assign-4.1.1.tgz",
			"integrity": "sha1-IQmtx5ZYh8/AXLvUQsrIv7s2CGM="
		},
		"omit.js": {
			"version": "1.0.2",
			"resolved": "https://registry.npm.alibaba-inc.com/omit.js/download/omit.js-1.0.2.tgz",
			"integrity": "sha1-kaFPDrqEBm36AVvzDkdMR/MLyFg=",
			"requires": {
				"babel-runtime": "^6.23.0"
			}
		},
		"performance-now": {
			"version": "2.1.0",
			"resolved": "https://registry.npm.alibaba-inc.com/performance-now/download/performance-now-2.1.0.tgz",
			"integrity": "sha1-Ywn04OX6kT7BxpMHrjZLSzd8nns="
		},
		"promise": {
			"version": "7.3.1",
			"resolved": "https://registry.npm.alibaba-inc.com/promise/download/promise-7.3.1.tgz",
			"integrity": "sha1-BktyYCsY+Q8pGSuLG8QY/9Hr078=",
			"requires": {
				"asap": "~2.0.3"
			}
		},
		"prop-types": {
			"version": "15.7.2",
			"resolved": "https://registry.npm.alibaba-inc.com/prop-types/download/prop-types-15.7.2.tgz",
			"integrity": "sha1-UsQedbjIfnK52TYOAga5ncv/psU=",
			"requires": {
				"loose-envify": "^1.4.0",
				"object-assign": "^4.1.1",
				"react-is": "^16.8.1"
			}
		},
		"qs": {
			"version": "6.9.1",
			"resolved": "https://registry.npm.alibaba-inc.com/qs/download/qs-6.9.1.tgz",
			"integrity": "sha1-IAgsZct4IjY1qxqerKiHWim/jsk="
		},
		"raf": {
			"version": "3.4.1",
			"resolved": "https://registry.npm.alibaba-inc.com/raf/download/raf-3.4.1.tgz",
			"integrity": "sha1-B0LpmkplUvRF1z4+4DKK8P8e3jk=",
			"requires": {
				"performance-now": "^2.1.0"
			}
		},
		"rc-align": {
			"version": "2.4.5",
			"resolved": "https://registry.npm.alibaba-inc.com/rc-align/download/rc-align-2.4.5.tgz",
			"integrity": "sha1-yUGlhvWdEBfyOkKPC0aGY/txAqs=",
			"requires": {
				"babel-runtime": "^6.26.0",
				"dom-align": "^1.7.0",
				"prop-types": "^15.5.8",
				"rc-util": "^4.0.4"
			}
		},
		"rc-animate": {
			"version": "2.10.3",
			"resolved": "https://registry.npm.alibaba-inc.com/rc-animate/download/rc-animate-2.10.3.tgz",
			"integrity": "sha1-Fj1eKSgaT/gtU+55GO7qyFa3Vvk=",
			"requires": {
				"babel-runtime": "6.x",
				"classnames": "^2.2.6",
				"css-animation": "^1.3.2",
				"prop-types": "15.x",
				"raf": "^3.4.0",
				"rc-util": "^4.15.3",
				"react-lifecycles-compat": "^3.0.4"
			}
		},
		"rc-calendar": {
			"version": "9.15.9",
			"resolved": "https://registry.npm.alibaba-inc.com/rc-calendar/download/rc-calendar-9.15.9.tgz",
			"integrity": "sha1-ejRX7hDye5lyp1X+ZBXvNS8BqXo=",
			"requires": {
				"babel-runtime": "6.x",
				"classnames": "2.x",
				"moment": "2.x",
				"prop-types": "^15.5.8",
				"rc-trigger": "^2.2.0",
				"rc-util": "^4.1.1",
				"react-lifecycles-compat": "^3.0.4"
			}
		},
		"rc-cascader": {
			"version": "0.17.5",
			"resolved": "https://registry.npm.alibaba-inc.com/rc-cascader/download/rc-cascader-0.17.5.tgz",
			"integrity": "sha1-T96R0jt2CMQgJjw47unAaH+A99w=",
			"requires": {
				"array-tree-filter": "^2.1.0",
				"prop-types": "^15.5.8",
				"rc-trigger": "^2.2.0",
				"rc-util": "^4.0.4",
				"react-lifecycles-compat": "^3.0.4",
				"shallow-equal": "^1.0.0",
				"warning": "^4.0.1"
			}
		},
		"rc-checkbox": {
			"version": "2.1.8",
			"resolved": "https://registry.npm.alibaba-inc.com/rc-checkbox/download/rc-checkbox-2.1.8.tgz",
			"integrity": "sha1-7t2e+cLzr1s7jlzeUlSqia0aiAo=",
			"requires": {
				"babel-runtime": "^6.23.0",
				"classnames": "2.x",
				"prop-types": "15.x",
				"react-lifecycles-compat": "^3.0.4"
			}
		},
		"rc-collapse": {
			"version": "1.11.8",
			"resolved": "https://registry.npm.alibaba-inc.com/rc-collapse/download/rc-collapse-1.11.8.tgz",
			"integrity": "sha1-ZqQAidRpUZ6UJACasckn4hQEHYA=",
			"requires": {
				"classnames": "2.x",
				"css-animation": "1.x",
				"prop-types": "^15.5.6",
				"rc-animate": "2.x",
				"react-is": "^16.7.0",
				"react-lifecycles-compat": "^3.0.4",
				"shallowequal": "^1.1.0"
			}
		},
		"rc-dialog": {
			"version": "7.6.0",
			"resolved": "https://registry.npm.alibaba-inc.com/rc-dialog/download/rc-dialog-7.6.0.tgz",
			"integrity": "sha1-ZGe3X1tgA4Epvy4bADsmQoGUnAk=",
			"requires": {
				"babel-runtime": "6.x",
				"rc-animate": "2.x",
				"rc-util": "^4.16.1"
			}
		},
		"rc-drawer": {
			"version": "3.1.3",
			"resolved": "https://registry.npm.alibaba-inc.com/rc-drawer/download/rc-drawer-3.1.3.tgz",
			"integrity": "sha1-y8sE1MB/C2by7OEdhH9KG9gOoLc=",
			"requires": {
				"classnames": "^2.2.6",
				"rc-util": "^4.16.1",
				"react-lifecycles-compat": "^3.0.4"
			}
		},
		"rc-dropdown": {
			"version": "2.4.1",
			"resolved": "https://registry.npm.alibaba-inc.com/rc-dropdown/download/rc-dropdown-2.4.1.tgz",
			"integrity": "sha1-qu9us6UVLN2ZgolcKnjZtfBGzew=",
			"requires": {
				"babel-runtime": "^6.26.0",
				"classnames": "^2.2.6",
				"prop-types": "^15.5.8",
				"rc-trigger": "^2.5.1",
				"react-lifecycles-compat": "^3.0.2"
			}
		},
		"rc-editor-core": {
			"version": "0.8.10",
			"resolved": "https://registry.npm.alibaba-inc.com/rc-editor-core/download/rc-editor-core-0.8.10.tgz",
			"integrity": "sha1-byFbxd+cM/+p9sWzDKc6favoq3w=",
			"requires": {
				"babel-runtime": "^6.26.0",
				"classnames": "^2.2.5",
				"draft-js": "^0.10.0",
				"immutable": "^3.7.4",
				"lodash": "^4.16.5",
				"prop-types": "^15.5.8",
				"setimmediate": "^1.0.5"
			}
		},
		"rc-editor-mention": {
			"version": "1.1.13",
			"resolved": "https://registry.npm.alibaba-inc.com/rc-editor-mention/download/rc-editor-mention-1.1.13.tgz",
			"integrity": "sha1-nxyrEGX4awFSOEAyF5DCqxKsXos=",
			"requires": {
				"babel-runtime": "^6.23.0",
				"classnames": "^2.2.5",
				"dom-scroll-into-view": "^1.2.0",
				"draft-js": "~0.10.0",
				"immutable": "~3.7.4",
				"prop-types": "^15.5.8",
				"rc-animate": "^2.3.0",
				"rc-editor-core": "~0.8.3"
			}
		},
		"rc-form": {
			"version": "2.4.11",
			"resolved": "https://registry.npm.alibaba-inc.com/rc-form/download/rc-form-2.4.11.tgz",
			"integrity": "sha1-Ye465XklloSuMPLEj1Xw8jpdPQg=",
			"requires": {
				"async-validator": "~1.11.3",
				"babel-runtime": "6.x",
				"create-react-class": "^15.5.3",
				"dom-scroll-into-view": "1.x",
				"hoist-non-react-statics": "^3.3.0",
				"lodash": "^4.17.4",
				"rc-util": "^4.15.3",
				"warning": "^4.0.3"
			}
		},
		"rc-hammerjs": {
			"version": "0.6.9",
			"resolved": "https://registry.npm.alibaba-inc.com/rc-hammerjs/download/rc-hammerjs-0.6.9.tgz",
			"integrity": "sha1-mk3b2hsuyPm5WWCRpqmJhCokOQc=",
			"requires": {
				"babel-runtime": "6.x",
				"hammerjs": "^2.0.8",
				"prop-types": "^15.5.9"
			}
		},
		"rc-input-number": {
			"version": "4.5.6",
			"resolved": "https://registry.npm.alibaba-inc.com/rc-input-number/download/rc-input-number-4.5.6.tgz",
			"integrity": "sha1-DVJ2KwrDlDIlbixsXINhAvl5fEY=",
			"requires": {
				"babel-runtime": "6.x",
				"classnames": "^2.2.0",
				"prop-types": "^15.5.7",
				"rc-util": "^4.5.1",
				"rmc-feedback": "^2.0.0"
			}
		},
		"rc-mentions": {
			"version": "0.4.2",
			"resolved": "https://registry.npm.alibaba-inc.com/rc-mentions/download/rc-mentions-0.4.2.tgz",
			"integrity": "sha1-wYq3Ae+55LdbOFGgwNLdaYZA4kY=",
			"requires": {
				"@ant-design/create-react-context": "^0.2.4",
				"classnames": "^2.2.6",
				"rc-menu": "^7.4.22",
				"rc-trigger": "^2.6.2",
				"rc-util": "^4.6.0",
				"react-lifecycles-compat": "^3.0.4"
			}
		},
		"rc-menu": {
			"version": "7.5.5",
			"resolved": "https://registry.npm.alibaba-inc.com/rc-menu/download/rc-menu-7.5.5.tgz",
			"integrity": "sha1-eM3IF9hvw1OhQwuGTT2Wx0iWAMo=",
			"requires": {
				"classnames": "2.x",
				"dom-scroll-into-view": "1.x",
				"mini-store": "^2.0.0",
				"mutationobserver-shim": "^0.3.2",
				"rc-animate": "^2.10.1",
				"rc-trigger": "^2.3.0",
				"rc-util": "^4.13.0",
				"resize-observer-polyfill": "^1.5.0",
				"shallowequal": "^1.1.0"
			}
		},
		"rc-notification": {
			"version": "3.3.1",
			"resolved": "https://registry.npm.alibaba-inc.com/rc-notification/download/rc-notification-3.3.1.tgz",
			"integrity": "sha1-C6o+cPjUCrAVzo+njCYMSQ/HvrQ=",
			"requires": {
				"babel-runtime": "6.x",
				"classnames": "2.x",
				"prop-types": "^15.5.8",
				"rc-animate": "2.x",
				"rc-util": "^4.0.4"
			}
		},
		"rc-pagination": {
			"version": "1.20.14",
			"resolved": "https://registry.npm.alibaba-inc.com/rc-pagination/download/rc-pagination-1.20.14.tgz",
			"integrity": "sha1-mBwSXr7b5/5ngr0xH4u5yZ6wze0=",
			"requires": {
				"babel-runtime": "6.x",
				"classnames": "^2.2.6",
				"prop-types": "^15.5.7",
				"react-lifecycles-compat": "^3.0.4"
			}
		},
		"rc-progress": {
			"version": "2.5.2",
			"resolved": "https://registry.npm.alibaba-inc.com/rc-progress/download/rc-progress-2.5.2.tgz",
			"integrity": "sha1-qwG6Tl0vo2/J9vBYsQtyDnMVVgw=",
			"requires": {
				"babel-runtime": "6.x",
				"prop-types": "^15.5.8"
			}
		},
		"rc-rate": {
			"version": "2.5.1",
			"resolved": "https://registry.npm.alibaba-inc.com/rc-rate/download/rc-rate-2.5.1.tgz",
			"integrity": "sha1-Vfxf0j6p3MciULmoiYA0efSEKWE=",
			"requires": {
				"classnames": "^2.2.5",
				"prop-types": "^15.5.8",
				"rc-util": "^4.3.0",
				"react-lifecycles-compat": "^3.0.4"
			}
		},
		"rc-resize-observer": {
			"version": "0.1.3",
			"resolved": "https://registry.npm.alibaba-inc.com/rc-resize-observer/download/rc-resize-observer-0.1.3.tgz",
			"integrity": "sha1-CXGR+cOrGG7ZB7VTum71Zd8Rwkk=",
			"requires": {
				"classnames": "^2.2.1",
				"rc-util": "^4.13.0",
				"resize-observer-polyfill": "^1.5.1"
			}
		},
		"rc-select": {
			"version": "9.2.3",
			"resolved": "https://registry.npm.alibaba-inc.com/rc-select/download/rc-select-9.2.3.tgz",
			"integrity": "sha1-ZDQOLW72TovDz8b0aP/ShiVYmsI=",
			"requires": {
				"babel-runtime": "^6.23.0",
				"classnames": "2.x",
				"component-classes": "1.x",
				"dom-scroll-into-view": "1.x",
				"prop-types": "^15.5.8",
				"raf": "^3.4.0",
				"rc-animate": "2.x",
				"rc-menu": "^7.3.0",
				"rc-trigger": "^2.5.4",
				"rc-util": "^4.0.4",
				"react-lifecycles-compat": "^3.0.2",
				"warning": "^4.0.2"
			}
		},
		"rc-slider": {
			"version": "8.7.1",
			"resolved": "https://registry.npm.alibaba-inc.com/rc-slider/download/rc-slider-8.7.1.tgz",
			"integrity": "sha1-ntBzYtyTSJo45lSyG4EirXD9PEI=",
			"requires": {
				"babel-runtime": "6.x",
				"classnames": "^2.2.5",
				"prop-types": "^15.5.4",
				"rc-tooltip": "^3.7.0",
				"rc-util": "^4.0.4",
				"react-lifecycles-compat": "^3.0.4",
				"shallowequal": "^1.1.0",
				"warning": "^4.0.3"
			}
		},
		"rc-steps": {
			"version": "3.5.0",
			"resolved": "https://registry.npm.alibaba-inc.com/rc-steps/download/rc-steps-3.5.0.tgz",
			"integrity": "sha1-NrKn8fSZB7DZA2OISxhiPK+ftgA=",
			"requires": {
				"babel-runtime": "^6.23.0",
				"classnames": "^2.2.3",
				"lodash": "^4.17.5",
				"prop-types": "^15.5.7"
			}
		},
		"rc-switch": {
			"version": "1.9.0",
			"resolved": "https://registry.npm.alibaba-inc.com/rc-switch/download/rc-switch-1.9.0.tgz",
			"integrity": "sha1-qyuHjycTxoE1ikUzkZdsm5WykPc=",
			"requires": {
				"classnames": "^2.2.1",
				"prop-types": "^15.5.6",
				"react-lifecycles-compat": "^3.0.4"
			}
		},
		"rc-table": {
			"version": "6.10.13",
			"resolved": "https://registry.npm.alibaba-inc.com/rc-table/download/rc-table-6.10.13.tgz",
			"integrity": "sha1-nvMfGZq9tS1dtJsXzNX3y3fw5Jg=",
			"requires": {
				"classnames": "^2.2.5",
				"component-classes": "^1.2.6",
				"lodash": "^4.17.5",
				"mini-store": "^2.0.0",
				"prop-types": "^15.5.8",
				"rc-util": "^4.13.0",
				"react-lifecycles-compat": "^3.0.2",
				"shallowequal": "^1.0.2"
			}
		},
		"rc-tabs": {
			"version": "9.7.0",
			"resolved": "https://registry.npm.alibaba-inc.com/rc-tabs/download/rc-tabs-9.7.0.tgz",
			"integrity": "sha1-rglpW+9ZY9bmTnvBBSHHbf3YRIs=",
			"requires": {
				"@ant-design/create-react-context": "^0.2.4",
				"babel-runtime": "6.x",
				"classnames": "2.x",
				"lodash": "^4.17.5",
				"prop-types": "15.x",
				"raf": "^3.4.1",
				"rc-hammerjs": "~0.6.0",
				"rc-util": "^4.0.4",
				"react-lifecycles-compat": "^3.0.4",
				"resize-observer-polyfill": "^1.5.1",
				"warning": "^4.0.3"
			}
		},
		"rc-time-picker": {
			"version": "3.7.3",
			"resolved": "https://registry.npm.alibaba-inc.com/rc-time-picker/download/rc-time-picker-3.7.3.tgz",
			"integrity": "sha1-ZajekECTJQrpyCsCpJBeD5leI+I=",
			"requires": {
				"classnames": "2.x",
				"moment": "2.x",
				"prop-types": "^15.5.8",
				"raf": "^3.4.1",
				"rc-trigger": "^2.2.0",
				"react-lifecycles-compat": "^3.0.4"
			}
		},
		"rc-tooltip": {
			"version": "3.7.3",
			"resolved": "https://registry.npm.alibaba-inc.com/rc-tooltip/download/rc-tooltip-3.7.3.tgz",
			"integrity": "sha1-KArsavyqROjf8EgPuv+eh/wArsw=",
			"requires": {
				"babel-runtime": "6.x",
				"prop-types": "^15.5.8",
				"rc-trigger": "^2.2.2"
			}
		},
		"rc-tree": {
			"version": "2.1.3",
			"resolved": "https://registry.npm.alibaba-inc.com/rc-tree/download/rc-tree-2.1.3.tgz",
			"integrity": "sha1-UhSrGyGhhI65ot3LkZ47xG1tOQs=",
			"requires": {
				"@ant-design/create-react-context": "^0.2.4",
				"classnames": "2.x",
				"prop-types": "^15.5.8",
				"rc-animate": "^2.6.0",
				"rc-util": "^4.5.1",
				"react-lifecycles-compat": "^3.0.4",
				"warning": "^4.0.3"
			}
		},
		"rc-tree-select": {
			"version": "2.9.4",
			"resolved": "https://registry.npm.alibaba-inc.com/rc-tree-select/download/rc-tree-select-2.9.4.tgz",
			"integrity": "sha1-aqeU4fDmXGbEBqoKKg50/QpVewk=",
			"requires": {
				"classnames": "^2.2.1",
				"dom-scroll-into-view": "^1.2.1",
				"prop-types": "^15.5.8",
				"raf": "^3.4.0",
				"rc-animate": "^2.8.2",
				"rc-tree": "~2.1.0",
				"rc-trigger": "^3.0.0",
				"rc-util": "^4.5.0",
				"react-lifecycles-compat": "^3.0.4",
				"shallowequal": "^1.0.2",
				"warning": "^4.0.1"
			},
			"dependencies": {
				"rc-trigger": {
					"version": "3.0.0",
					"resolved": "https://registry.npm.alibaba-inc.com/rc-trigger/download/rc-trigger-3.0.0.tgz",
					"integrity": "sha1-9tmx2oomsrLR2RKgaHbBpIb1mA8=",
					"requires": {
						"babel-runtime": "6.x",
						"classnames": "^2.2.6",
						"prop-types": "15.x",
						"raf": "^3.4.0",
						"rc-align": "^2.4.1",
						"rc-animate": "^3.0.0-rc.1",
						"rc-util": "^4.15.7"
					},
					"dependencies": {
						"rc-animate": {
							"version": "3.0.0-rc.6",
							"resolved": "https://registry.npm.alibaba-inc.com/rc-animate/download/rc-animate-3.0.0-rc.6.tgz",
							"integrity": "sha1-BCiO76EY4MriFFNsipA/+qwbw/s=",
							"requires": {
								"babel-runtime": "6.x",
								"classnames": "^2.2.5",
								"component-classes": "^1.2.6",
								"fbjs": "^0.8.16",
								"prop-types": "15.x",
								"raf": "^3.4.0",
								"rc-util": "^4.5.0",
								"react-lifecycles-compat": "^3.0.4"
							}
						}
					}
				}
			}
		},
		"rc-trigger": {
			"version": "2.6.5",
			"resolved": "https://registry.npm.alibaba-inc.com/rc-trigger/download/rc-trigger-2.6.5.tgz",
			"integrity": "sha1-FAqFfPKL0PoBua7LHialCnAOmIU=",
			"requires": {
				"babel-runtime": "6.x",
				"classnames": "^2.2.6",
				"prop-types": "15.x",
				"rc-align": "^2.4.0",
				"rc-animate": "2.x",
				"rc-util": "^4.4.0",
				"react-lifecycles-compat": "^3.0.4"
			}
		},
		"rc-upload": {
			"version": "2.9.4",
			"resolved": "https://registry.npm.alibaba-inc.com/rc-upload/download/rc-upload-2.9.4.tgz",
			"integrity": "sha1-jjSnOkaNeQf+MZgsOBAORZOFfTI=",
			"requires": {
				"babel-runtime": "6.x",
				"classnames": "^2.2.5",
				"prop-types": "^15.5.7",
				"warning": "4.x"
			}
		},
		"rc-util": {
			"version": "4.20.0",
			"resolved": "https://registry.npm.alibaba-inc.com/rc-util/download/rc-util-4.20.0.tgz",
			"integrity": "sha1-+2AcWbtIy+44U44NW2KK3dpqjDA=",
			"requires": {
				"add-dom-event-listener": "^1.1.0",
				"babel-runtime": "6.x",
				"prop-types": "^15.5.10",
				"react-is": "^16.12.0",
				"react-lifecycles-compat": "^3.0.4",
				"shallowequal": "^1.1.0"
			}
		},
		"react-drag-listview": {
			"version": "0.1.6",
			"resolved": "https://registry.npm.alibaba-inc.com/react-drag-listview/download/react-drag-listview-0.1.6.tgz",
			"integrity": "sha1-KqngRG7f6mGMogmBS3L9EQ6O0pA=",
			"requires": {
				"prop-types": "^15.5.8"
			}
		},
		"react-is": {
			"version": "16.13.0",
			"resolved": "https://registry.npm.alibaba-inc.com/react-is/download/react-is-16.13.0.tgz",
			"integrity": "sha1-DzfDYTw0/ms3zX92Og1ik6sVxSc="
		},
		"react-lazy-load": {
			"version": "3.0.13",
			"resolved": "https://registry.npm.alibaba-inc.com/react-lazy-load/download/react-lazy-load-3.0.13.tgz",
			"integrity": "sha1-OwqS0zbUPT8Nc8vm81sXBQsIuCQ=",
			"requires": {
				"eventlistener": "0.0.1",
				"lodash.debounce": "^4.0.0",
				"lodash.throttle": "^4.0.0",
				"prop-types": "^15.5.8"
			}
		},
		"react-lifecycles-compat": {
			"version": "3.0.4",
			"resolved": "https://registry.npm.alibaba-inc.com/react-lifecycles-compat/download/react-lifecycles-compat-3.0.4.tgz",
			"integrity": "sha1-TxonOv38jzSIqMUWv9p4+HI1I2I="
		},
		"react-slick": {
			"version": "0.25.2",
			"resolved": "https://registry.npm.alibaba-inc.com/react-slick/download/react-slick-0.25.2.tgz",
			"integrity": "sha1-VjMbZ9R9i8/i3OtqyrHI/VvR9rw=",
			"requires": {
				"classnames": "^2.2.5",
				"enquire.js": "^2.1.6",
				"json2mq": "^0.2.0",
				"lodash.debounce": "^4.0.8",
				"resize-observer-polyfill": "^1.5.0"
			}
		},
		"regenerator-runtime": {
			"version": "0.11.1",
			"resolved": "https://registry.npm.alibaba-inc.com/regenerator-runtime/download/regenerator-runtime-0.11.1.tgz",
			"integrity": "sha1-vgWtf5v30i4Fb5cmzuUBf78Z4uk="
		},
		"resize-observer-polyfill": {
			"version": "1.5.1",
			"resolved": "https://registry.npm.alibaba-inc.com/resize-observer-polyfill/download/resize-observer-polyfill-1.5.1.tgz",
			"integrity": "sha1-DpAg3T0hAkRY1OvSfiPkAmmBBGQ="
		},
		"rmc-feedback": {
			"version": "2.0.0",
			"resolved": "https://registry.npm.alibaba-inc.com/rmc-feedback/download/rmc-feedback-2.0.0.tgz",
			"integrity": "sha1-y8bLOuY8emNe7w4l5PuvWsNm7qo=",
			"requires": {
				"babel-runtime": "6.x",
				"classnames": "^2.2.5"
			}
		},
		"safer-buffer": {
			"version": "2.1.2",
			"resolved": "https://registry.npm.alibaba-inc.com/safer-buffer/download/safer-buffer-2.1.2.tgz",
			"integrity": "sha1-RPoWGwGHuVSd2Eu5GAL5vYOFzWo="
		},
		"screenfull": {
			"version": "5.0.2",
			"resolved": "https://registry.npm.alibaba-inc.com/screenfull/download/screenfull-5.0.2.tgz",
			"integrity": "sha1-uazc8exnapSGdN9c0P9muQKwvtc="
		},
		"setimmediate": {
			"version": "1.0.5",
			"resolved": "https://registry.npm.alibaba-inc.com/setimmediate/download/setimmediate-1.0.5.tgz",
			"integrity": "sha1-KQy7Iy4waULX1+qbg3Mqt4VvgoU="
		},
		"shallow-equal": {
			"version": "1.2.1",
			"resolved": "https://registry.npm.alibaba-inc.com/shallow-equal/download/shallow-equal-1.2.1.tgz",
			"integrity": "sha1-TBar+lYEOqINBQMk76aJQLDaedo="
		},
		"shallowequal": {
			"version": "1.1.0",
			"resolved": "https://registry.npm.alibaba-inc.com/shallowequal/download/shallowequal-1.1.0.tgz",
			"integrity": "sha1-GI1SHelbkIdAT9TctosT3wrk5/g="
		},
		"string-convert": {
			"version": "0.2.1",
			"resolved": "https://registry.npm.alibaba-inc.com/string-convert/download/string-convert-0.2.1.tgz",
			"integrity": "sha1-aYLMMEn7tM2F+LJFaLnZvznu/5c="
		},
		"tinycolor2": {
			"version": "1.4.1",
			"resolved": "https://registry.npm.alibaba-inc.com/tinycolor2/download/tinycolor2-1.4.1.tgz",
			"integrity": "sha1-9PrTM0R7wLB9TcjpIJ2POaisd+g="
		},
		"toggle-selection": {
			"version": "1.0.6",
			"resolved": "https://registry.npm.alibaba-inc.com/toggle-selection/download/toggle-selection-1.0.6.tgz",
			"integrity": "sha1-bkWxJj8gF/oKzH2J14sVuL932jI="
		},
		"ua-parser-js": {
			"version": "0.7.21",
			"resolved": "https://registry.npm.alibaba-inc.com/ua-parser-js/download/ua-parser-js-0.7.21.tgz",
			"integrity": "sha1-hTz5zpP2QvZxdCc8w0Vlrm8wh3c="
		},
		"umi-request": {
			"version": "1.2.19",
			"resolved": "https://registry.npm.alibaba-inc.com/umi-request/download/umi-request-1.2.19.tgz",
			"integrity": "sha1-V+wWMiUGZ08tY5LVUxGYKc7bFYk=",
			"requires": {
				"isomorphic-fetch": "^2.2.1",
				"qs": "^6.9.1"
			}
		},
		"warning": {
			"version": "4.0.3",
			"resolved": "https://registry.npm.alibaba-inc.com/warning/download/warning-4.0.3.tgz",
			"integrity": "sha1-Fungd+uKhtavfWSqHgX9hbRnjKM=",
			"requires": {
				"loose-envify": "^1.0.0"
			}
		},
		"whatwg-fetch": {
			"version": "3.0.0",
			"resolved": "https://registry.npm.alibaba-inc.com/whatwg-fetch/download/whatwg-fetch-3.0.0.tgz",
			"integrity": "sha1-/IBORYzEYACbGiuWa8iBfSV4rvs="
		}
	}
}
